
Microsoft Visual Studio Solution File, Format Version 12.00
# Visual Studio Version 17
VisualStudioVersion = 17.4.33110.190
MinimumVisualStudioVersion = 10.0.40219.1
Project("{FAE04EC0-301F-11D3-BF4B-00C04F79EFBC}") = "FiapSmartCity", "FiapSmartCity\FiapSmartCity.csproj", "{EC21F1BB-4AA1-4C7E-B3E5-2D010BF5AF95}"
EndProject
Global
	GlobalSection(SolutionConfigurationPlatforms) = preSolution
		Debug|Any CPU = Debug|Any CPU
		Release|Any CPU = Release|Any CPU
	EndGlobalSection
	GlobalSection(ProjectConfigurationPlatforms) = postSolution
		{EC21F1BB-4AA1-4C7E-B3E5-2D010BF5AF95}.Debug|Any CPU.ActiveCfg = Debug|Any CPU
		{EC21F1BB-4AA1-4C7E-B3E5-2D010BF5AF95}.Debug|Any CPU.Build.0 = Debug|Any CPU
		{EC21F1BB-4AA1-4C7E-B3E5-2D010BF5AF95}.Release|Any CPU.ActiveCfg = Release|Any CPU
		{EC21F1BB-4AA1-4C7E-B3E5-2D010BF5AF95}.Release|Any CPU.Build.0 = Release|Any CPU
	EndGlobalSection
	GlobalSection(SolutionProperties) = preSolution
		HideSolutionNode = FALSE
	EndGlobalSection
	GlobalSection(ExtensibilityGlobals) = postSolution
		SolutionGuid = {14CDE212-047B-4903-8DC1-31F43B3C06A5}
	EndGlobalSection
EndGlobal
